
Microsoft Visual Studio Solution File, Format Version 12.00
# Visual Studio Version 17
VisualStudioVersion = 17.14.37628.2
MinimumVisualStudioVersion = 10.0.40219.1
Project("{FAE04EC0-301F-11D3-BF4B-00C04F79EFBC}") = "SourceGenerators.Toolkit.Prism", "SourceGenerators.Toolkit.Prism.csproj", "{AD16A6D1-9A8B-4FD6-B868-AF6CC8048281}"
EndProject
Project("{FAE04EC0-301F-11D3-BF4B-00C04F79EFBC}") = "SourceGenerators.Test", "..\SourceGenerators.Test\SourceGenerators.Test.csproj", "{46E3665C-AA8F-443C-83F1-9277045C2ADC}"
EndProject
Global
	GlobalSection(SolutionConfigurationPlatforms) = preSolution
		Debug|Any CPU = Debug|Any CPU
		Release|Any CPU = Release|Any CPU
	EndGlobalSection
	GlobalSection(ProjectConfigurationPlatforms) = postSolution
		{AD16A6D1-9A8B-4FD6-B868-AF6CC8048281}.Debug|Any CPU.ActiveCfg = Debug|Any CPU
		{AD16A6D1-9A8B-4FD6-B868-AF6CC8048281}.Debug|Any CPU.Build.0 = Debug|Any CPU
		{AD16A6D1-9A8B-4FD6-B868-AF6CC8048281}.Release|Any CPU.ActiveCfg = Release|Any CPU
		{AD16A6D1-9A8B-4FD6-B868-AF6CC8048281}.Release|Any CPU.Build.0 = Release|Any CPU
		{46E3665C-AA8F-443C-83F1-9277045C2ADC}.Debug|Any CPU.ActiveCfg = Debug|Any CPU
		{46E3665C-AA8F-443C-83F1-9277045C2ADC}.Debug|Any CPU.Build.0 = Debug|Any CPU
		{46E3665C-AA8F-443C-83F1-9277045C2ADC}.Release|Any CPU.ActiveCfg = Release|Any CPU
		{46E3665C-AA8F-443C-83F1-9277045C2ADC}.Release|Any CPU.Build.0 = Release|Any CPU
	EndGlobalSection
	GlobalSection(SolutionProperties) = preSolution
		HideSolutionNode = FALSE
	EndGlobalSection
	GlobalSection(ExtensibilityGlobals) = postSolution
		SolutionGuid = {C5CC2162-67F2-47A9-90A9-CA28FFA19AF4}
	EndGlobalSection
EndGlobal
